
Microsoft Visual Studio Solution File, Format Version 11.00
# Visual Studio 2010
Project("{8BC9CEB8-8B4A-11D0-8D11-00A0C91BC942}") = "CSSTools", "CSSToolsVS12.vcxproj", "{EA3A108F-A02A-411A-982B-1CBB72D1A728}"
EndProject
Project("{8BC9CEB8-8B4A-11D0-8D11-00A0C91BC942}") = "CSSToolsLib", "CSSToolsLibVS12.vcxproj", "{94ABD72A-67FA-4A4D-8F18-5A2DCFF5B580}"
EndProject
Global
	GlobalSection(SolutionConfigurationPlatforms) = preSolution
		BackroomRelease|Win32 = BackroomRelease|Win32
		Release|Win32 = Release|Win32
	EndGlobalSection
	GlobalSection(ProjectConfigurationPlatforms) = postSolution
		{EA3A108F-A02A-411A-982B-1CBB72D1A728}.BackroomRelease|Win32.ActiveCfg = BackroomRelease|Win32
		{EA3A108F-A02A-411A-982B-1CBB72D1A728}.BackroomRelease|Win32.Build.0 = BackroomRelease|Win32
		{EA3A108F-A02A-411A-982B-1CBB72D1A728}.Release|Win32.ActiveCfg = Release|Win32
		{EA3A108F-A02A-411A-982B-1CBB72D1A728}.Release|Win32.Build.0 = Release|Win32
		{94ABD72A-67FA-4A4D-8F18-5A2DCFF5B580}.BackroomRelease|Win32.ActiveCfg = Release|Win32
		{94ABD72A-67FA-4A4D-8F18-5A2DCFF5B580}.BackroomRelease|Win32.Build.0 = Release|Win32
		{94ABD72A-67FA-4A4D-8F18-5A2DCFF5B580}.Release|Win32.ActiveCfg = Release|Win32
		{94ABD72A-67FA-4A4D-8F18-5A2DCFF5B580}.Release|Win32.Build.0 = Release|Win32
	EndGlobalSection
	GlobalSection(SolutionProperties) = preSolution
		HideSolutionNode = FALSE
	EndGlobalSection
EndGlobal
